
Microsoft Visual Studio Solution File, Format Version 12.00
# Visual Studio Version 16
VisualStudioVersion = 16.0.31911.196
MinimumVisualStudioVersion = 10.0.40219.1
Project("{FAE04EC0-301F-11D3-BF4B-00C04F79EFBC}") = "Test_EF_core", "Test_EF_core\Test_EF_core.csproj", "{7F01D554-D95D-4C68-8058-541476834582}"
EndProject
Global
	GlobalSection(SolutionConfigurationPlatforms) = preSolution
		Debug|Any CPU = Debug|Any CPU
		Release|Any CPU = Release|Any CPU
	EndGlobalSection
	GlobalSection(ProjectConfigurationPlatforms) = postSolution
		{7F01D554-D95D-4C68-8058-541476834582}.Debug|Any CPU.ActiveCfg = Debug|Any CPU
		{7F01D554-D95D-4C68-8058-541476834582}.Debug|Any CPU.Build.0 = Debug|Any CPU
		{7F01D554-D95D-4C68-8058-541476834582}.Release|Any CPU.ActiveCfg = Release|Any CPU
		{7F01D554-D95D-4C68-8058-541476834582}.Release|Any CPU.Build.0 = Release|Any CPU
	EndGlobalSection
	GlobalSection(SolutionProperties) = preSolution
		HideSolutionNode = FALSE
	EndGlobalSection
	GlobalSection(ExtensibilityGlobals) = postSolution
		SolutionGuid = {72D88EAF-6431-4FC5-9EEE-8A02B0D407B4}
	EndGlobalSection
EndGlobal
